
Microsoft Visual Studio Solution File, Format Version 12.00
# Visual Studio Version 16
VisualStudioVersion = 16.0.29318.209
MinimumVisualStudioVersion = 10.0.40219.1
Project("{FAE04EC0-301F-11D3-BF4B-00C04F79EFBC}") = "StringLibrary", "StringLibrary\StringLibrary.csproj", "{DC5CC53D-1BB1-44B2-A9B2-1291FCDC1623}"
EndProject
Project("{FAE04EC0-301F-11D3-BF4B-00C04F79EFBC}") = "StringLibraryTest", "StringLibraryTest\StringLibraryTest.csproj", "{998E36CB-FF2C-4E25-9E6B-BCF12CA6EB26}"
EndProject
Global
	GlobalSection(SolutionConfigurationPlatforms) = preSolution
		Debug|Any CPU = Debug|Any CPU
		Release|Any CPU = Release|Any CPU
	EndGlobalSection
	GlobalSection(ProjectConfigurationPlatforms) = postSolution
		{DC5CC53D-1BB1-44B2-A9B2-1291FCDC1623}.Debug|Any CPU.ActiveCfg = Debug|Any CPU
		{DC5CC53D-1BB1-44B2-A9B2-1291FCDC1623}.Debug|Any CPU.Build.0 = Debug|Any CPU
		{DC5CC53D-1BB1-44B2-A9B2-1291FCDC1623}.Release|Any CPU.ActiveCfg = Release|Any CPU
		{DC5CC53D-1BB1-44B2-A9B2-1291FCDC1623}.Release|Any CPU.Build.0 = Release|Any CPU
		{998E36CB-FF2C-4E25-9E6B-BCF12CA6EB26}.Debug|Any CPU.ActiveCfg = Debug|Any CPU
		{998E36CB-FF2C-4E25-9E6B-BCF12CA6EB26}.Debug|Any CPU.Build.0 = Debug|Any CPU
		{998E36CB-FF2C-4E25-9E6B-BCF12CA6EB26}.Release|Any CPU.ActiveCfg = Release|Any CPU
		{998E36CB-FF2C-4E25-9E6B-BCF12CA6EB26}.Release|Any CPU.Build.0 = Release|Any CPU
	EndGlobalSection
	GlobalSection(SolutionProperties) = preSolution
		HideSolutionNode = FALSE
	EndGlobalSection
	GlobalSection(ExtensibilityGlobals) = postSolution
		SolutionGuid = {5AE14336-007F-459E-BFCD-1ACCA2DFD237}
	EndGlobalSection
EndGlobal
